
Microsoft Visual Studio Solution File, Format Version 12.00
# Visual Studio Version 16
VisualStudioVersion = 16.0.31019.35
MinimumVisualStudioVersion = 10.0.40219.1
Project("{FAE04EC0-301F-11D3-BF4B-00C04F79EFBC}") = "SOnB_Server", "SOnB_Server.csproj", "{C87732D6-0346-41BD-B367-E0208EAB8370}"
EndProject
Project("{FAE04EC0-301F-11D3-BF4B-00C04F79EFBC}") = "SOnB_Client", "..\SOnB_Client\SOnB_Client.csproj", "{F8868805-F91F-44A4-97F9-C95271DDA8A8}"
EndProject
Global
	GlobalSection(SolutionConfigurationPlatforms) = preSolution
		Debug|Any CPU = Debug|Any CPU
		Release|Any CPU = Release|Any CPU
	EndGlobalSection
	GlobalSection(ProjectConfigurationPlatforms) = postSolution
		{C87732D6-0346-41BD-B367-E0208EAB8370}.Debug|Any CPU.ActiveCfg = Debug|Any CPU
		{C87732D6-0346-41BD-B367-E0208EAB8370}.Debug|Any CPU.Build.0 = Debug|Any CPU
		{C87732D6-0346-41BD-B367-E0208EAB8370}.Release|Any CPU.ActiveCfg = Release|Any CPU
		{C87732D6-0346-41BD-B367-E0208EAB8370}.Release|Any CPU.Build.0 = Release|Any CPU
		{F8868805-F91F-44A4-97F9-C95271DDA8A8}.Debug|Any CPU.ActiveCfg = Debug|Any CPU
		{F8868805-F91F-44A4-97F9-C95271DDA8A8}.Debug|Any CPU.Build.0 = Debug|Any CPU
		{F8868805-F91F-44A4-97F9-C95271DDA8A8}.Release|Any CPU.ActiveCfg = Release|Any CPU
		{F8868805-F91F-44A4-97F9-C95271DDA8A8}.Release|Any CPU.Build.0 = Release|Any CPU
	EndGlobalSection
	GlobalSection(SolutionProperties) = preSolution
		HideSolutionNode = FALSE
	EndGlobalSection
	GlobalSection(ExtensibilityGlobals) = postSolution
		SolutionGuid = {D636E30B-400A-483E-BC35-A0D5CE28D784}
	EndGlobalSection
EndGlobal
